
Microsoft Visual Studio Solution File, Format Version 12.00
# Visual Studio Version 16
VisualStudioVersion = 16.0.31321.278
MinimumVisualStudioVersion = 10.0.40219.1
Project("{FAE04EC0-301F-11D3-BF4B-00C04F79EFBC}") = "MyConnectionFactory", "MyConnectionFactory\MyConnectionFactory.csproj", "{71F83D3E-6336-4FA7-B3B3-8DABB1C05D04}"
EndProject
Global
	GlobalSection(SolutionConfigurationPlatforms) = preSolution
		Debug|Any CPU = Debug|Any CPU
		Release|Any CPU = Release|Any CPU
	EndGlobalSection
	GlobalSection(ProjectConfigurationPlatforms) = postSolution
		{71F83D3E-6336-4FA7-B3B3-8DABB1C05D04}.Debug|Any CPU.ActiveCfg = Debug|Any CPU
		{71F83D3E-6336-4FA7-B3B3-8DABB1C05D04}.Debug|Any CPU.Build.0 = Debug|Any CPU
		{71F83D3E-6336-4FA7-B3B3-8DABB1C05D04}.Release|Any CPU.ActiveCfg = Release|Any CPU
		{71F83D3E-6336-4FA7-B3B3-8DABB1C05D04}.Release|Any CPU.Build.0 = Release|Any CPU
	EndGlobalSection
	GlobalSection(SolutionProperties) = preSolution
		HideSolutionNode = FALSE
	EndGlobalSection
	GlobalSection(ExtensibilityGlobals) = postSolution
		SolutionGuid = {FE44BA4B-E9F4-47A8-B96D-A6468BDA57B2}
	EndGlobalSection
EndGlobal
